
Microsoft Visual Studio Solution File, Format Version 12.00
# Visual Studio 15
VisualStudioVersion = 15.0.27004.2002
MinimumVisualStudioVersion = 10.0.40219.1
Project("{FAE04EC0-301F-11D3-BF4B-00C04F79EFBC}") = "ReleaseCrawler", "ReleaseCrawler\ReleaseCrawler.csproj", "{AD443F3E-17C8-4A44-9E42-7F41755077DF}"
EndProject
Project("{FAE04EC0-301F-11D3-BF4B-00C04F79EFBC}") = "CrawlerTask", "CrawlerTask\CrawlerTask.csproj", "{BDD5D2A2-D8F6-4360-8B33-D52B03939C84}"
EndProject
Global
	GlobalSection(SolutionConfigurationPlatforms) = preSolution
		Debug|Any CPU = Debug|Any CPU
		Release|Any CPU = Release|Any CPU
	EndGlobalSection
	GlobalSection(ProjectConfigurationPlatforms) = postSolution
		{AD443F3E-17C8-4A44-9E42-7F41755077DF}.Debug|Any CPU.ActiveCfg = Debug|Any CPU
		{AD443F3E-17C8-4A44-9E42-7F41755077DF}.Debug|Any CPU.Build.0 = Debug|Any CPU
		{AD443F3E-17C8-4A44-9E42-7F41755077DF}.Release|Any CPU.ActiveCfg = Release|Any CPU
		{AD443F3E-17C8-4A44-9E42-7F41755077DF}.Release|Any CPU.Build.0 = Release|Any CPU
		{BDD5D2A2-D8F6-4360-8B33-D52B03939C84}.Debug|Any CPU.ActiveCfg = Debug|Any CPU
		{BDD5D2A2-D8F6-4360-8B33-D52B03939C84}.Debug|Any CPU.Build.0 = Debug|Any CPU
		{BDD5D2A2-D8F6-4360-8B33-D52B03939C84}.Release|Any CPU.ActiveCfg = Release|Any CPU
		{BDD5D2A2-D8F6-4360-8B33-D52B03939C84}.Release|Any CPU.Build.0 = Release|Any CPU
	EndGlobalSection
	GlobalSection(SolutionProperties) = preSolution
		HideSolutionNode = FALSE
	EndGlobalSection
	GlobalSection(ExtensibilityGlobals) = postSolution
		SolutionGuid = {708074FF-60B5-45EC-A648-C64AD4CBA1BC}
	EndGlobalSection
EndGlobal
